{
  "name": "@xmcl/installer",
  "version": "4.0.2",
  "lockfileVersion": 2,
  "requires": true,
  "packages": {
    "": {
      "name": "@xmcl/installer",
      "version": "4.0.2",
      "license": "MIT",
      "dependencies": {
        "@xmcl/asm": "^0.1.3",
        "@xmcl/core": "^2.8.0",
        "@xmcl/forge-site-parser": "^2.0.8",
        "@xmcl/task": "^4.0.2",
        "@xmcl/unzip": "^2.0.0",
        "abortcontroller-polyfill": "^1.7.3",
        "electron-fetch": "^1.7.3",
        "yauzl": "^2.10.0"
      },
      "devDependencies": {
        "@types/yauzl": "^2.9.2",
        "nock": "^12.0.3"
      },
      "engines": {
        "node": ">=10.0"
      }
    },
    "node_modules/@types/node": {
      "version": "17.0.18",
      "resolved": "https://registry.npmjs.org/@types/node/-/node-17.0.18.tgz",
      "integrity": "sha512-eKj4f/BsN/qcculZiRSujogjvp5O/k4lOW5m35NopjZM/QwLOR075a8pJW5hD+Rtdm2DaCVPENS6KtSQnUD6BA==",
      "dev": true
    },
    "node_modules/@types/yauzl": {
      "version": "2.9.2",
      "resolved": "https://registry.npmjs.org/@types/yauzl/-/yauzl-2.9.2.tgz",
      "integrity": "sha512-8uALY5LTvSuHgloDVUvWP3pIauILm+8/0pDMokuDYIoNsOkSwd5AiHBTSEJjKTDcZr5z8UpgOWZkxBF4iJftoA==",
      "dev": true,
      "dependencies": {
        "@types/node": "*"
      }
    },
    "node_modules/@xmcl/asm": {
      "version": "0.1.3",
      "resolved": "https://registry.npmjs.org/@xmcl/asm/-/asm-0.1.3.tgz",
      "integrity": "sha512-7akg7dPFuFzkKhKRk4I2wmYRdKqke/x/8DFUuG4haM03M2v9qVv4jkXr/kKDKxTbp6//Zv6swCaT2dE5S85n8A==",
      "dependencies": {
        "long": "~3"
      },
      "engines": {
        "node": ">=10.0"
      }
    },
    "node_modules/@xmcl/core": {
      "version": "2.9.0",
      "resolved": "https://registry.npmjs.org/@xmcl/core/-/core-2.9.0.tgz",
      "integrity": "sha512-AHNmgCIZ0RZeo3JyMA6dlCPD0WsWuGV9KIkM//57EyX5M5XNjDnGLQFOL9lwHcXjlk0vNZuG+mYU/ReDuSMxXQ==",
      "dependencies": {
        "@xmcl/unzip": "^2.0.0",
        "uuid": "^8.3.2",
        "yauzl": "^2.10.0"
      },
      "engines": {
        "node": ">=10.0"
      }
    },
    "node_modules/@xmcl/forge-site-parser": {
      "version": "2.0.8",
      "resolved": "https://registry.npmjs.org/@xmcl/forge-site-parser/-/forge-site-parser-2.0.8.tgz",
      "integrity": "sha512-uygvduMfUH36jh6I0j2vF17G1BRFpuoiTYeyalmnZzLD2u0/e0jz+KDBgIrjhNIdQKShJOaPXSKnzmUXBS47vQ==",
      "dependencies": {
        "node-html-parser": "1.2.16"
      },
      "engines": {
        "node": ">=10.0"
      }
    },
    "node_modules/@xmcl/task": {
      "version": "4.0.2",
      "resolved": "https://registry.npmjs.org/@xmcl/task/-/task-4.0.2.tgz",
      "integrity": "sha512-yuQA7Wl6S1pf8HZI9GeEDwhBgRPXsmgOGO6oOhUjaWxAx95kRAB8Muo0aCdhlZKzCL0LQPFWSENZFHb7zag/ag=="
    },
    "node_modules/@xmcl/unzip": {
      "version": "2.0.0",
      "resolved": "https://registry.npmjs.org/@xmcl/unzip/-/unzip-2.0.0.tgz",
      "integrity": "sha512-Q9OST4o20X9kI40ZC7gjhW3hELu68iAR8APxsmqjiyX6Owsx79qP1aB7sKpcR+tizBGKBV5lzUUQiPQBBp+L4Q==",
      "engines": {
        "node": ">=10.0"
      },
      "peerDependencies": {
        "yauzl": "^2.10.0"
      }
    },
    "node_modules/abortcontroller-polyfill": {
      "version": "1.7.3",
      "resolved": "https://registry.npmjs.org/abortcontroller-polyfill/-/abortcontroller-polyfill-1.7.3.tgz",
      "integrity": "sha512-zetDJxd89y3X99Kvo4qFx8GKlt6GsvN3UcRZHwU6iFA/0KiOmhkTVhe8oRoTBiTVPZu09x3vCra47+w8Yz1+2Q=="
    },
    "node_modules/buffer-crc32": {
      "version": "0.2.13",
      "resolved": "https://registry.npmjs.org/buffer-crc32/-/buffer-crc32-0.2.13.tgz",
      "integrity": "sha1-DTM+PwDqxQqhRUq9MO+MKl2ackI=",
      "engines": {
        "node": "*"
      }
    },
    "node_modules/debug": {
      "version": "4.3.3",
      "resolved": "https://registry.npmjs.org/debug/-/debug-4.3.3.tgz",
      "integrity": "sha512-/zxw5+vh1Tfv+4Qn7a5nsbcJKPaSvCDhojn6FEl9vupwK2VCSDtEiEtqr8DFtzYFOdz63LBkxec7DYuc2jon6Q==",
      "dev": true,
      "dependencies": {
        "ms": "2.1.2"
      },
      "engines": {
        "node": ">=6.0"
      },
      "peerDependenciesMeta": {
        "supports-color": {
          "optional": true
        }
      }
    },
    "node_modules/electron-fetch": {
      "version": "1.7.4",
      "resolved": "https://registry.npmjs.org/electron-fetch/-/electron-fetch-1.7.4.tgz",
      "integrity": "sha512-+fBLXEy4CJWQ5bz8dyaeSG1hD6JJ15kBZyj3eh24pIVrd3hLM47H/umffrdQfS6GZ0falF0g9JT9f3Rs6AVUhw==",
      "dependencies": {
        "encoding": "^0.1.13"
      },
      "engines": {
        "node": ">=6"
      }
    },
    "node_modules/encoding": {
      "version": "0.1.13",
      "resolved": "https://registry.npmjs.org/encoding/-/encoding-0.1.13.tgz",
      "integrity": "sha512-ETBauow1T35Y/WZMkio9jiM0Z5xjHHmJ4XmjZOq1l/dXz3lr2sRn87nJy20RupqSh1F2m3HHPSp8ShIPQJrJ3A==",
      "dependencies": {
        "iconv-lite": "^0.6.2"
      }
    },
    "node_modules/fd-slicer": {
      "version": "1.1.0",
      "resolved": "https://registry.npmjs.org/fd-slicer/-/fd-slicer-1.1.0.tgz",
      "integrity": "sha1-JcfInLH5B3+IkbvmHY85Dq4lbx4=",
      "dependencies": {
        "pend": "~1.2.0"
      }
    },
    "node_modules/he": {
      "version": "1.1.1",
      "resolved": "https://registry.npmjs.org/he/-/he-1.1.1.tgz",
      "integrity": "sha1-k0EP0hsAlzUVH4howvJx80J+I/0=",
      "bin": {
        "he": "bin/he"
      }
    },
    "node_modules/iconv-lite": {
      "version": "0.6.3",
      "resolved": "https://registry.npmjs.org/iconv-lite/-/iconv-lite-0.6.3.tgz",
      "integrity": "sha512-4fCk79wshMdzMp2rH06qWrJE4iolqLhCUH+OiuIgU++RB0+94NlDL81atO7GX55uUKueo0txHNtvEyI6D7WdMw==",
      "dependencies": {
        "safer-buffer": ">= 2.1.2 < 3.0.0"
      },
      "engines": {
        "node": ">=0.10.0"
      }
    },
    "node_modules/json-stringify-safe": {
      "version": "5.0.1",
      "resolved": "https://registry.npmjs.org/json-stringify-safe/-/json-stringify-safe-5.0.1.tgz",
      "integrity": "sha1-Epai1Y/UXxmg9s4B1lcB4sc1tus=",
      "dev": true
    },
    "node_modules/lodash": {
      "version": "4.17.21",
      "resolved": "https://registry.npmjs.org/lodash/-/lodash-4.17.21.tgz",
      "integrity": "sha512-v2kDEe57lecTulaDIuNTPy3Ry4gLGJ6Z1O3vE1krgXZNrsQ+LFTGHVxVjcXPs17LhbZVGedAJv8XZ1tvj5FvSg==",
      "dev": true
    },
    "node_modules/long": {
      "version": "3.2.0",
      "resolved": "https://registry.npmjs.org/long/-/long-3.2.0.tgz",
      "integrity": "sha1-2CG3E4yhy1gcFymQ7xTbIAtcR0s=",
      "engines": {
        "node": ">=0.6"
      }
    },
    "node_modules/ms": {
      "version": "2.1.2",
      "resolved": "https://registry.npmjs.org/ms/-/ms-2.1.2.tgz",
      "integrity": "sha512-sGkPx+VjMtmA6MX27oA4FBFELFCZZ4S4XqeGOXCv68tT+jb3vk/RyaKWP0PTKyWtmLSM0b+adUTEvbs1PEaH2w==",
      "dev": true
    },
    "node_modules/nock": {
      "version": "12.0.3",
      "resolved": "https://registry.npmjs.org/nock/-/nock-12.0.3.tgz",
      "integrity": "sha512-QNb/j8kbFnKCiyqi9C5DD0jH/FubFGj5rt9NQFONXwQm3IPB0CULECg/eS3AU1KgZb/6SwUa4/DTRKhVxkGABw==",
      "dev": true,
      "dependencies": {
        "debug": "^4.1.0",
        "json-stringify-safe": "^5.0.1",
        "lodash": "^4.17.13",
        "propagate": "^2.0.0"
      },
      "engines": {
        "node": ">= 10.13"
      }
    },
    "node_modules/node-html-parser": {
      "version": "1.2.16",
      "resolved": "https://registry.npmjs.org/node-html-parser/-/node-html-parser-1.2.16.tgz",
      "integrity": "sha512-TrLpGov7J9hBdWWREudBreragmRPq2Q5b19Ly66XoZVUZbb8JXkIqHkPbTHKicuVC8jNnkP4bRnNVik4mkPahw==",
      "dependencies": {
        "he": "1.1.1"
      }
    },
    "node_modules/pend": {
      "version": "1.2.0",
      "resolved": "https://registry.npmjs.org/pend/-/pend-1.2.0.tgz",
      "integrity": "sha1-elfrVQpng/kRUzH89GY9XI4AelA="
    },
    "node_modules/propagate": {
      "version": "2.0.1",
      "resolved": "https://registry.npmjs.org/propagate/-/propagate-2.0.1.tgz",
      "integrity": "sha512-vGrhOavPSTz4QVNuBNdcNXePNdNMaO1xj9yBeH1ScQPjk/rhg9sSlCXPhMkFuaNNW/syTvYqsnbIJxMBfRbbag==",
      "dev": true,
      "engines": {
        "node": ">= 8"
      }
    },
    "node_modules/safer-buffer": {
      "version": "2.1.2",
      "resolved": "https://registry.npmjs.org/safer-buffer/-/safer-buffer-2.1.2.tgz",
      "integrity": "sha512-YZo3K82SD7Riyi0E1EQPojLz7kpepnSQI9IyPbHHg1XXXevb5dJI7tpyN2ADxGcQbHG7vcyRHk0cbwqcQriUtg=="
    },
    "node_modules/uuid": {
      "version": "8.3.2",
      "resolved": "https://registry.npmjs.org/uuid/-/uuid-8.3.2.tgz",
      "integrity": "sha512-+NYs2QeMWy+GWFOEm9xnn6HCDp0l7QBD7ml8zLUmJ+93Q5NF0NocErnwkTkXVFNiX3/fpC6afS8Dhb/gz7R7eg==",
      "bin": {
        "uuid": "dist/bin/uuid"
      }
    },
    "node_modules/yauzl": {
      "version": "2.10.0",
      "resolved": "https://registry.npmjs.org/yauzl/-/yauzl-2.10.0.tgz",
      "integrity": "sha1-x+sXyT4RLLEIb6bY5R+wZnt5pfk=",
      "dependencies": {
        "buffer-crc32": "~0.2.3",
        "fd-slicer": "~1.1.0"
      }
    }
  },
  "dependencies": {
    "@types/node": {
      "version": "17.0.18",
      "resolved": "https://registry.npmjs.org/@types/node/-/node-17.0.18.tgz",
      "integrity": "sha512-eKj4f/BsN/qcculZiRSujogjvp5O/k4lOW5m35NopjZM/QwLOR075a8pJW5hD+Rtdm2DaCVPENS6KtSQnUD6BA==",
      "dev": true
    },
    "@types/yauzl": {
      "version": "2.9.2",
      "resolved": "https://registry.npmjs.org/@types/yauzl/-/yauzl-2.9.2.tgz",
      "integrity": "sha512-8uALY5LTvSuHgloDVUvWP3pIauILm+8/0pDMokuDYIoNsOkSwd5AiHBTSEJjKTDcZr5z8UpgOWZkxBF4iJftoA==",
      "dev": true,
      "requires": {
        "@types/node": "*"
      }
    },
    "@xmcl/asm": {
      "version": "0.1.3",
      "resolved": "https://registry.npmjs.org/@xmcl/asm/-/asm-0.1.3.tgz",
      "integrity": "sha512-7akg7dPFuFzkKhKRk4I2wmYRdKqke/x/8DFUuG4haM03M2v9qVv4jkXr/kKDKxTbp6//Zv6swCaT2dE5S85n8A==",
      "requires": {
        "long": "~3"
      }
    },
    "@xmcl/core": {
      "version": "2.9.0",
      "resolved": "https://registry.npmjs.org/@xmcl/core/-/core-2.9.0.tgz",
      "integrity": "sha512-AHNmgCIZ0RZeo3JyMA6dlCPD0WsWuGV9KIkM//57EyX5M5XNjDnGLQFOL9lwHcXjlk0vNZuG+mYU/ReDuSMxXQ==",
      "requires": {
        "@xmcl/unzip": "^2.0.0",
        "uuid": "^8.3.2",
        "yauzl": "^2.10.0"
      }
    },
    "@xmcl/forge-site-parser": {
      "version": "2.0.8",
      "resolved": "https://registry.npmjs.org/@xmcl/forge-site-parser/-/forge-site-parser-2.0.8.tgz",
      "integrity": "sha512-uygvduMfUH36jh6I0j2vF17G1BRFpuoiTYeyalmnZzLD2u0/e0jz+KDBgIrjhNIdQKShJOaPXSKnzmUXBS47vQ==",
      "requires": {
        "node-html-parser": "1.2.16"
      }
    },
    "@xmcl/task": {
      "version": "4.0.2",
      "resolved": "https://registry.npmjs.org/@xmcl/task/-/task-4.0.2.tgz",
      "integrity": "sha512-yuQA7Wl6S1pf8HZI9GeEDwhBgRPXsmgOGO6oOhUjaWxAx95kRAB8Muo0aCdhlZKzCL0LQPFWSENZFHb7zag/ag=="
    },
    "@xmcl/unzip": {
      "version": "2.0.0",
      "resolved": "https://registry.npmjs.org/@xmcl/unzip/-/unzip-2.0.0.tgz",
      "integrity": "sha512-Q9OST4o20X9kI40ZC7gjhW3hELu68iAR8APxsmqjiyX6Owsx79qP1aB7sKpcR+tizBGKBV5lzUUQiPQBBp+L4Q==",
      "requires": {}
    },
    "abortcontroller-polyfill": {
      "version": "1.7.3",
      "resolved": "https://registry.npmjs.org/abortcontroller-polyfill/-/abortcontroller-polyfill-1.7.3.tgz",
      "integrity": "sha512-zetDJxd89y3X99Kvo4qFx8GKlt6GsvN3UcRZHwU6iFA/0KiOmhkTVhe8oRoTBiTVPZu09x3vCra47+w8Yz1+2Q=="
    },
    "buffer-crc32": {
      "version": "0.2.13",
      "resolved": "https://registry.npmjs.org/buffer-crc32/-/buffer-crc32-0.2.13.tgz",
      "integrity": "sha1-DTM+PwDqxQqhRUq9MO+MKl2ackI="
    },
    "debug": {
      "version": "4.3.3",
      "resolved": "https://registry.npmjs.org/debug/-/debug-4.3.3.tgz",
      "integrity": "sha512-/zxw5+vh1Tfv+4Qn7a5nsbcJKPaSvCDhojn6FEl9vupwK2VCSDtEiEtqr8DFtzYFOdz63LBkxec7DYuc2jon6Q==",
      "dev": true,
      "requires": {
        "ms": "2.1.2"
      }
    },
    "electron-fetch": {
      "version": "1.7.4",
      "resolved": "https://registry.npmjs.org/electron-fetch/-/electron-fetch-1.7.4.tgz",
      "integrity": "sha512-+fBLXEy4CJWQ5bz8dyaeSG1hD6JJ15kBZyj3eh24pIVrd3hLM47H/umffrdQfS6GZ0falF0g9JT9f3Rs6AVUhw==",
      "requires": {
        "encoding": "^0.1.13"
      }
    },
    "encoding": {
      "version": "0.1.13",
      "resolved": "https://registry.npmjs.org/encoding/-/encoding-0.1.13.tgz",
      "integrity": "sha512-ETBauow1T35Y/WZMkio9jiM0Z5xjHHmJ4XmjZOq1l/dXz3lr2sRn87nJy20RupqSh1F2m3HHPSp8ShIPQJrJ3A==",
      "requires": {
        "iconv-lite": "^0.6.2"
      }
    },
    "fd-slicer": {
      "version": "1.1.0",
      "resolved": "https://registry.npmjs.org/fd-slicer/-/fd-slicer-1.1.0.tgz",
      "integrity": "sha1-JcfInLH5B3+IkbvmHY85Dq4lbx4=",
      "requires": {
        "pend": "~1.2.0"
      }
    },
    "he": {
      "version": "1.1.1",
      "resolved": "https://registry.npmjs.org/he/-/he-1.1.1.tgz",
      "integrity": "sha1-k0EP0hsAlzUVH4howvJx80J+I/0="
    },
    "iconv-lite": {
      "version": "0.6.3",
      "resolved": "https://registry.npmjs.org/iconv-lite/-/iconv-lite-0.6.3.tgz",
      "integrity": "sha512-4fCk79wshMdzMp2rH06qWrJE4iolqLhCUH+OiuIgU++RB0+94NlDL81atO7GX55uUKueo0txHNtvEyI6D7WdMw==",
      "requires": {
        "safer-buffer": ">= 2.1.2 < 3.0.0"
      }
    },
    "json-stringify-safe": {
      "version": "5.0.1",
      "resolved": "https://registry.npmjs.org/json-stringify-safe/-/json-stringify-safe-5.0.1.tgz",
      "integrity": "sha1-Epai1Y/UXxmg9s4B1lcB4sc1tus=",
      "dev": true
    },
    "lodash": {
      "version": "4.17.21",
      "resolved": "https://registry.npmjs.org/lodash/-/lodash-4.17.21.tgz",
      "integrity": "sha512-v2kDEe57lecTulaDIuNTPy3Ry4gLGJ6Z1O3vE1krgXZNrsQ+LFTGHVxVjcXPs17LhbZVGedAJv8XZ1tvj5FvSg==",
      "dev": true
    },
    "long": {
      "version": "3.2.0",
      "resolved": "https://registry.npmjs.org/long/-/long-3.2.0.tgz",
      "integrity": "sha1-2CG3E4yhy1gcFymQ7xTbIAtcR0s="
    },
    "ms": {
      "version": "2.1.2",
      "resolved": "https://registry.npmjs.org/ms/-/ms-2.1.2.tgz",
      "integrity": "sha512-sGkPx+VjMtmA6MX27oA4FBFELFCZZ4S4XqeGOXCv68tT+jb3vk/RyaKWP0PTKyWtmLSM0b+adUTEvbs1PEaH2w==",
      "dev": true
    },
    "nock": {
      "version": "12.0.3",
      "resolved": "https://registry.npmjs.org/nock/-/nock-12.0.3.tgz",
      "integrity": "sha512-QNb/j8kbFnKCiyqi9C5DD0jH/FubFGj5rt9NQFONXwQm3IPB0CULECg/eS3AU1KgZb/6SwUa4/DTRKhVxkGABw==",
      "dev": true,
      "requires": {
        "debug": "^4.1.0",
        "json-stringify-safe": "^5.0.1",
        "lodash": "^4.17.13",
        "propagate": "^2.0.0"
      }
    },
    "node-html-parser": {
      "version": "1.2.16",
      "resolved": "https://registry.npmjs.org/node-html-parser/-/node-html-parser-1.2.16.tgz",
      "integrity": "sha512-TrLpGov7J9hBdWWREudBreragmRPq2Q5b19Ly66XoZVUZbb8JXkIqHkPbTHKicuVC8jNnkP4bRnNVik4mkPahw==",
      "requires": {
        "he": "1.1.1"
      }
    },
    "pend": {
      "version": "1.2.0",
      "resolved": "https://registry.npmjs.org/pend/-/pend-1.2.0.tgz",
      "integrity": "sha1-elfrVQpng/kRUzH89GY9XI4AelA="
    },
    "propagate": {
      "version": "2.0.1",
      "resolved": "https://registry.npmjs.org/propagate/-/propagate-2.0.1.tgz",
      "integrity": "sha512-vGrhOavPSTz4QVNuBNdcNXePNdNMaO1xj9yBeH1ScQPjk/rhg9sSlCXPhMkFuaNNW/syTvYqsnbIJxMBfRbbag==",
      "dev": true
    },
    "safer-buffer": {
      "version": "2.1.2",
      "resolved": "https://registry.npmjs.org/safer-buffer/-/safer-buffer-2.1.2.tgz",
      "integrity": "sha512-YZo3K82SD7Riyi0E1EQPojLz7kpepnSQI9IyPbHHg1XXXevb5dJI7tpyN2ADxGcQbHG7vcyRHk0cbwqcQriUtg=="
    },
    "uuid": {
      "version": "8.3.2",
      "resolved": "https://registry.npmjs.org/uuid/-/uuid-8.3.2.tgz",
      "integrity": "sha512-+NYs2QeMWy+GWFOEm9xnn6HCDp0l7QBD7ml8zLUmJ+93Q5NF0NocErnwkTkXVFNiX3/fpC6afS8Dhb/gz7R7eg=="
    },
    "yauzl": {
      "version": "2.10.0",
      "resolved": "https://registry.npmjs.org/yauzl/-/yauzl-2.10.0.tgz",
      "integrity": "sha1-x+sXyT4RLLEIb6bY5R+wZnt5pfk=",
      "requires": {
        "buffer-crc32": "~0.2.3",
        "fd-slicer": "~1.1.0"
      }
    }
  }
}
